
Microsoft Visual Studio Solution File, Format Version 12.00
# Visual Studio Version 16
VisualStudioVersion = 16.0.30611.23
MinimumVisualStudioVersion = 10.0.40219.1
Project("{FAE04EC0-301F-11D3-BF4B-00C04F79EFBC}") = "Client", "Client\Client.csproj", "{8A50CACF-1447-4221-BC1B-B5D8A172B265}"
EndProject
Global
	GlobalSection(SolutionConfigurationPlatforms) = preSolution
		Debug|Any CPU = Debug|Any CPU
		Release|Any CPU = Release|Any CPU
	EndGlobalSection
	GlobalSection(ProjectConfigurationPlatforms) = postSolution
		{8A50CACF-1447-4221-BC1B-B5D8A172B265}.Debug|Any CPU.ActiveCfg = Debug|Any CPU
		{8A50CACF-1447-4221-BC1B-B5D8A172B265}.Debug|Any CPU.Build.0 = Debug|Any CPU
		{8A50CACF-1447-4221-BC1B-B5D8A172B265}.Release|Any CPU.ActiveCfg = Release|Any CPU
		{8A50CACF-1447-4221-BC1B-B5D8A172B265}.Release|Any CPU.Build.0 = Release|Any CPU
	EndGlobalSection
	GlobalSection(SolutionProperties) = preSolution
		HideSolutionNode = FALSE
	EndGlobalSection
	GlobalSection(ExtensibilityGlobals) = postSolution
		SolutionGuid = {02E46CA0-CEDE-4C90-85DC-DCB5324B806D}
	EndGlobalSection
EndGlobal
