
Microsoft Visual Studio Solution File, Format Version 12.00
# Visual Studio Version 16
VisualStudioVersion = 16.0.30907.101
MinimumVisualStudioVersion = 10.0.40219.1
Project("{FAE04EC0-301F-11D3-BF4B-00C04F79EFBC}") = "CoreOldRemover", "CoreOldRemover\CoreOldRemover.csproj", "{09A219B9-2023-4F4D-9C64-9414C337CC55}"
EndProject
Global
	GlobalSection(SolutionConfigurationPlatforms) = preSolution
		Debug|Any CPU = Debug|Any CPU
		Release|Any CPU = Release|Any CPU
	EndGlobalSection
	GlobalSection(ProjectConfigurationPlatforms) = postSolution
		{09A219B9-2023-4F4D-9C64-9414C337CC55}.Debug|Any CPU.ActiveCfg = Debug|Any CPU
		{09A219B9-2023-4F4D-9C64-9414C337CC55}.Debug|Any CPU.Build.0 = Debug|Any CPU
		{09A219B9-2023-4F4D-9C64-9414C337CC55}.Release|Any CPU.ActiveCfg = Release|Any CPU
		{09A219B9-2023-4F4D-9C64-9414C337CC55}.Release|Any CPU.Build.0 = Release|Any CPU
	EndGlobalSection
	GlobalSection(SolutionProperties) = preSolution
		HideSolutionNode = FALSE
	EndGlobalSection
	GlobalSection(ExtensibilityGlobals) = postSolution
		SolutionGuid = {E6A8AE78-F6F3-49DC-8814-2A489DD7FC80}
	EndGlobalSection
EndGlobal
